# Generated by buf. DO NOT EDIT.
version: v1
deps:
  - remote: buf.build
    owner: googleapis
    repository: googleapis
    branch: main
    commit: 2c4adef7af3d4b74b8a224260cf10cb9
    digest: b3-DYEd_56rFiELXrooXj7gCGK8-tXRRWJcdFr9V4KjdOc=
    create_time: 2022-06-10T15:04:51.228759Z
  - remote: buf.build
    owner: grpc-ecosystem
    repository: grpc-gateway
    branch: main
    commit: 00116f302b12478b85deb33b734e026c
    digest: b1-iUfkmqGjUB1hlbTkiPKUUeVcFd9pAJ_qRn2oJ4nYpls=
    create_time: 2022-05-23T22:50:17.0393Z
